
Microsoft Visual Studio Solution File, Format Version 12.00
# Visual Studio Version 17
VisualStudioVersion = 17.3.32901.215
MinimumVisualStudioVersion = 10.0.40219.1
Project("{9A19103F-16F7-4668-BE54-9A1E7A4F7556}") = "Optimum.CafePos.Web", "Optimum.CafePos.Web\Optimum.CafePos.Web.csproj", "{329D930D-DDB4-478E-B7FF-6D503BA10FC1}"
EndProject
Project("{9A19103F-16F7-4668-BE54-9A1E7A4F7556}") = "Optimum.CafePos.Models", "Optimum.CafePos.Models\Optimum.CafePos.Models.csproj", "{09443E4E-092D-46FB-AF48-832B63307EB1}"
EndProject
Project("{FAE04EC0-301F-11D3-BF4B-00C04F79EFBC}") = "Optimum.CafePos.WebServices", "Optimum.CafePos.WebServices\Optimum.CafePos.WebServices.csproj", "{4CFF71FB-1BEC-49CD-AB52-B3CD9F029DF8}"
EndProject
Global
	GlobalSection(SolutionConfigurationPlatforms) = preSolution
		Debug|Any CPU = Debug|Any CPU
		Release|Any CPU = Release|Any CPU
	EndGlobalSection
	GlobalSection(ProjectConfigurationPlatforms) = postSolution
		{329D930D-DDB4-478E-B7FF-6D503BA10FC1}.Debug|Any CPU.ActiveCfg = Debug|Any CPU
		{329D930D-DDB4-478E-B7FF-6D503BA10FC1}.Debug|Any CPU.Build.0 = Debug|Any CPU
		{329D930D-DDB4-478E-B7FF-6D503BA10FC1}.Release|Any CPU.ActiveCfg = Release|Any CPU
		{329D930D-DDB4-478E-B7FF-6D503BA10FC1}.Release|Any CPU.Build.0 = Release|Any CPU
		{09443E4E-092D-46FB-AF48-832B63307EB1}.Debug|Any CPU.ActiveCfg = Debug|Any CPU
		{09443E4E-092D-46FB-AF48-832B63307EB1}.Debug|Any CPU.Build.0 = Debug|Any CPU
		{09443E4E-092D-46FB-AF48-832B63307EB1}.Release|Any CPU.ActiveCfg = Release|Any CPU
		{09443E4E-092D-46FB-AF48-832B63307EB1}.Release|Any CPU.Build.0 = Release|Any CPU
		{4CFF71FB-1BEC-49CD-AB52-B3CD9F029DF8}.Debug|Any CPU.ActiveCfg = Debug|Any CPU
		{4CFF71FB-1BEC-49CD-AB52-B3CD9F029DF8}.Debug|Any CPU.Build.0 = Debug|Any CPU
		{4CFF71FB-1BEC-49CD-AB52-B3CD9F029DF8}.Release|Any CPU.ActiveCfg = Release|Any CPU
		{4CFF71FB-1BEC-49CD-AB52-B3CD9F029DF8}.Release|Any CPU.Build.0 = Release|Any CPU
	EndGlobalSection
	GlobalSection(SolutionProperties) = preSolution
		HideSolutionNode = FALSE
	EndGlobalSection
	GlobalSection(ExtensibilityGlobals) = postSolution
		SolutionGuid = {CD97A3D4-B035-40DD-BD59-0A851E583166}
	EndGlobalSection
EndGlobal
